lockfileVersion: '9.0'

settings:
  autoInstallPeers: true
  excludeLinksFromLockfile: false

importers:

  .:
    dependencies:
      '@typescript/native-preview':
        specifier: '*'
        version: 7.0.0-dev.20260504.1
      bash-language-server:
        specifier: '*'
        version: 5.6.0
      prettier:
        specifier: '*'
        version: 3.8.3
      typescript:
        specifier: '*'
        version: 6.0.3
      typescript-language-server:
        specifier: '*'
        version: 5.1.3
      vim-language-server:
        specifier: '*'
        version: 2.3.1
      vscode-langservers-extracted:
        specifier: '*'
        version: 4.10.0

packages:

  '@mixmark-io/domino@2.2.0':
    resolution: {integrity: sha512-Y28PR25bHXUg88kCV7nivXrP2Nj2RueZ3/l/jdx6J9f8J4nsEGcgX0Qe6lt7Pa+J79+kPiJU3LguR6O/6zrLOw==}

  '@nodelib/fs.scandir@2.1.5':
    resolution: {integrity: sha512-vq24Bq3ym5HEQm2NKCr3yXDwjc7vTsEThRDnkp2DK9p1uqLR+DHurm/NOTo0KG7HYHU7eppKZj3MyqYuMBf62g==}
    engines: {node: '>= 8'}

  '@nodelib/fs.stat@2.0.5':
    resolution: {integrity: sha512-RkhPPp2zrqDAQA/2jNhnztcPAlv64XdhIp7a7454A5ovI7Bukxgt7MX7udwAu3zg1DcpPU0rz3VV1SeaqvY4+A==}
    engines: {node: '>= 8'}

  '@nodelib/fs.walk@1.2.8':
    resolution: {integrity: sha512-oGB+UxlgWcgQkgwo8GcEGwemoTFt3FIO9ababBmaGwXIoBKZ+GTy0pP185beGg7Llih/NSHSV2XAs1lnznocSg==}
    engines: {node: '>= 8'}

  '@one-ini/wasm@0.2.0':
    resolution: {integrity: sha512-n+L/BvrwKUn7q5O3wHGo+CJZAqfewh38+37sk+eBzv/39lM9pPgPRd4sOZRvSRzo0ukLxzyXso4WlGj2oKZ5hA==}

  '@typescript/native-preview-darwin-arm64@7.0.0-dev.20260504.1':
    resolution: {integrity: sha512-+Qs1Q7Qxfp11n/hU3pweFU+EQ37FnDsdWOOxb7/vCy8QGBysrLUUYRhQ+GSW3s663oMtN6+9Kf82hk3ZT+kXlg==}
    engines: {node: '>=16.20.0'}
    cpu: [arm64]
    os: [darwin]

  '@typescript/native-preview-darwin-x64@7.0.0-dev.20260504.1':
    resolution: {integrity: sha512-Wr3GWTRiMgibmhe88cjQ612ZyY7sbgsPYEaWKGPUxBaXtMHFIzgTBIoJMuaQqQx4GEJs6AUDyhnIHG1gx4rJjg==}
    engines: {node: '>=16.20.0'}
    cpu: [x64]
    os: [darwin]

  '@typescript/native-preview-linux-arm64@7.0.0-dev.20260504.1':
    resolution: {integrity: sha512-y1Qai5l55Sl+/3B0hyQtvynq//C22BKFH3CfU35fbLYUo4P/ISUycyAbcA+PAPazpDFO3E56I96QUQrbJL2VVA==}
    engines: {node: '>=16.20.0'}
    cpu: [arm64]
    os: [linux]

  '@typescript/native-preview-linux-arm@7.0.0-dev.20260504.1':
    resolution: {integrity: sha512-s8QkhZe0M4QD2xhK1Xiy2JUQv1AOl8kUg5DLx1G8ws0f1BK/oKyqDNbxhZMGINYLFvkjpr9lOxt7qehSnpJMYQ==}
    engines: {node: '>=16.20.0'}
    cpu: [arm]
    os: [linux]

  '@typescript/native-preview-linux-x64@7.0.0-dev.20260504.1':
    resolution: {integrity: sha512-ngN3Ie3Vin6pFtqeNywxm86RTxgI0Fo0GZyJ1PxokLES8J3xfMPtMYfv85c/+5uz5+7T+m4LRLyY5IoLY4gtuw==}
    engines: {node: '>=16.20.0'}
    cpu: [x64]
    os: [linux]

  '@typescript/native-preview-win32-arm64@7.0.0-dev.20260504.1':
    resolution: {integrity: sha512-/GZDJN/CsLbqIe7EdWDkXhNX9C41VjemBeUN6+9ckvEFLH8XyKTmXPYikNOn0N819M1KSeNZltplyUslfROOdw==}
    engines: {node: '>=16.20.0'}
    cpu: [arm64]
    os: [win32]

  '@typescript/native-preview-win32-x64@7.0.0-dev.20260504.1':
    resolution: {integrity: sha512-EYQBdVZq4xIzhTtKxw6wvee9238hEb7XrPG413AEZBD3kcR3qqvPULXsPzQyEpneCReATSaihscP/LfhMQYUmA==}
    engines: {node: '>=16.20.0'}
    cpu: [x64]
    os: [win32]

  '@typescript/native-preview@7.0.0-dev.20260504.1':
    resolution: {integrity: sha512-bHFGxyIU83qjj6ywn3817A+Ug2ZID0GiBA5WFdbc/T7EjcrKnUUylexq0fU81N/mTbfw3FyP6ZCEdO2Ntcl/VQ==}
    engines: {node: '>=16.20.0'}
    hasBin: true

  '@vscode/l10n@0.0.18':
    resolution: {integrity: sha512-KYSIHVmslkaCDyw013pphY+d7x1qV8IZupYfeIfzNA+nsaWHbn5uPuQRvdRFsa9zFzGeudPuoGoZ1Op4jrJXIQ==}

  balanced-match@1.0.2:
    resolution: {integrity: sha512-3oSeUO0TMV67hN1AmbXsK4yaqU7tjiHlbxRDZOpH0KW9+CeX4bRAaX0Anxt0tx2MrpRpWwQaPwIlISEJhYU5Pw==}

  bash-language-server@5.6.0:
    resolution: {integrity: sha512-DCuV+/BZAAozsp5blvi6jDnU/ZDaTpJpWM0zqwGjnirfqv7iBsMK32xOze/jipxU0PUZ6CBUKgRUMKI7Kk70Lg==}
    engines: {node: '>=16'}
    hasBin: true

  boolbase@1.0.0:
    resolution: {integrity: sha512-JZOSA7Mo9sNGB8+UjSgzdLtokWAky1zbztM3WRLCbZ70/3cTANmQmOdR7y2g+J0e2WXywy1yS468tY+IruqEww==}

  brace-expansion@2.1.0:
    resolution: {integrity: sha512-TN1kCZAgdgweJhWWpgKYrQaMNHcDULHkWwQIspdtjV4Y5aurRdZpjAqn6yX3FPqTA9ngHCc4hJxMAMgGfve85w==}

  braces@3.0.3:
    resolution: {integrity: sha512-yQbXgO/OSZVD2IsiLlro+7Hf6Q18EJrKSEsdoMzKePKXct3gvD8oLcOQdIzGupr5Fj+EDe8gO/lxc1BzfMpxvA==}
    engines: {node: '>=8'}

  commander@13.1.0:
    resolution: {integrity: sha512-/rFeCpNJQbhSZjGVwO9RFV3xPqbnERS8MmIQzCtD/zl6gpJuV/bMLuN92oG3F7d8oDEHHRrujSXNUr8fpjntKw==}
    engines: {node: '>=18'}

  core-js@3.49.0:
    resolution: {integrity: sha512-es1U2+YTtzpwkxVLwAFdSpaIMyQaq0PBgm3YD1W3Qpsn1NAmO3KSgZfu+oGSWVu6NvLHoHCV/aYcsE5wiB7ALg==}

  css-select@5.2.2:
    resolution: {integrity: sha512-TizTzUddG/xYLA3NXodFM0fSbNizXjOKhqiQQwvhlspadZokn1KDy0NZFS0wuEubIYAV5/c1/lAr0TaaFXEXzw==}

  css-what@6.2.2:
    resolution: {integrity: sha512-u/O3vwbptzhMs3L1fQE82ZSLHQQfto5gyZzwteVIEyeaY5Fc7R4dapF/BvRoSYFeqfBk4m0V1Vafq5Pjv25wvA==}
    engines: {node: '>= 6'}

  dom-serializer@2.0.0:
    resolution: {integrity: sha512-wIkAryiqt/nV5EQKqQpo3SToSOV9J0DnbJqwK7Wv/Trc92zIAYZ4FlMu+JPFW1DfGFt81ZTCGgDEabffXeLyJg==}

  domelementtype@2.3.0:
    resolution: {integrity: sha512-OLETBj6w0OsagBwdXnPdN0cnMfF9opN69co+7ZrbfPGrdpPVNBUj02spi6B1N7wChLQiPn4CSH/zJvXw56gmHw==}

  domhandler@5.0.3:
    resolution: {integrity: sha512-cgwlv/1iFQiFnU96XXgROh8xTeetsnJiDsTc7TYCLFd9+/WNkIqPTxiM/8pSd8VIrhXGTf1Ny1q1hquVqDJB5w==}
    engines: {node: '>= 4'}

  domutils@3.2.2:
    resolution: {integrity: sha512-6kZKyUajlDuqlHKVX1w7gyslj9MPIXzIFiz/rGu35uC1wMi+kMhQwGhl4lt9unC9Vb9INnY9Z3/ZA3+FhASLaw==}

  editorconfig@2.0.1:
    resolution: {integrity: sha512-jMVc7LbF/M13cSpBiVWGut+qhIyOddIhSXPAntMSboEigGFGaQmBow9ZrVog0VT2K89qm0cyGHa7FRhcOqP8hA==}
    engines: {node: '>=18'}
    hasBin: true

  entities@4.5.0:
    resolution: {integrity: sha512-V0hjH4dGPh9Ao5p0MoRY6BVqtwCjhz6vI5LT8AJ55H+4g9/4vbHx1I54fS0XuclLhDHArPQCiMjDxjaL8fPxhw==}
    engines: {node: '>=0.12'}

  fast-glob@3.3.3:
    resolution: {integrity: sha512-7MptL8U0cqcFdzIzwOTHoilX9x5BrNqye7Z/LuC7kCMRio1EMSyqRK3BEAUD7sXRq4iT4AzTVuZdhgQ2TCvYLg==}
    engines: {node: '>=8.6.0'}

  fastq@1.20.1:
    resolution: {integrity: sha512-GGToxJ/w1x32s/D2EKND7kTil4n8OVk/9mycTc4VDza13lOvpUZTGX3mFSCtV9ksdGBVzvsyAVLM6mHFThxXxw==}

  fill-range@7.1.1:
    resolution: {integrity: sha512-YsGpe3WHLK8ZYi4tWDg2Jy3ebRz2rXowDxnld4bkQB00cc/1Zw9AWnC0i9ztDJitivtQvaI9KaLyKrc+hBW0yg==}
    engines: {node: '>=8'}

  fuzzy-search@3.2.1:
    resolution: {integrity: sha512-vAcPiyomt1ioKAsAL2uxSABHJ4Ju/e4UeDM+g1OlR0vV4YhLGMNsdLNvZTpEDY4JCSt0E4hASCNM5t2ETtsbyg==}

  glob-parent@5.1.2:
    resolution: {integrity: sha512-AOIgSQCepiJYwP3ARnGx+5VnTu2HBYdzbGP45eLw1vr3zB3vZLeyed1sC9hnbcOc9/SrMyM5RPQrkGz4aS9Zow==}
    engines: {node: '>= 6'}

  he@1.2.0:
    resolution: {integrity: sha512-F/1DnUGPopORZi0ni+CvrCgHQ5FyEAHRLSApuYWMmrbSwoN2Mn/7k+Gl38gJnR7yyDZk6WLXwiGod1JOWNDKGw==}
    hasBin: true

  is-extglob@2.1.1:
    resolution: {integrity: sha512-SbKbANkN603Vi4jEZv49LeVJMn4yGwsbzZworEoyEiutsN3nJYdbO36zfhGJ6QEDpOZIFkDtnq5JRxmvl3jsoQ==}
    engines: {node: '>=0.10.0'}

  is-glob@4.0.3:
    resolution: {integrity: sha512-xelSayHH36ZgE7ZWhli7pW34hNbNl8Ojv5KVmkJD4hBdD3th8Tfk9vYasLM+mXWOZhFkgZfxhLSnrwRr4elSSg==}
    engines: {node: '>=0.10.0'}

  is-number@7.0.0:
    resolution: {integrity: sha512-41Cifkg6e8TylSpdtTpeLVMqvSBEVzTttHvERD741+pnZ8ANv0004MRL43QKPDlK9cGvNp6NZWZUBlbGXYxxng==}
    engines: {node: '>=0.12.0'}

  jsonc-parser@3.3.1:
    resolution: {integrity: sha512-HUgH65KyejrUFPvHFPbqOY0rsFip3Bo5wb4ngvdi1EpCYWUQDC5V+Y7mZws+DLkr4M//zQJoanu1SP+87Dv1oQ==}

  merge2@1.4.1:
    resolution: {integrity: sha512-8q7VEgMJW4J8tcfVPy8g09NcQwZdbwFEqhe/WZkoIzjn/3TGDwtOCYtXGxA3O8tPzpczCCDgv+P2P5y00ZJOOg==}
    engines: {node: '>= 8'}

  micromatch@4.0.8:
    resolution: {integrity: sha512-PXwfBhYu0hBCPw8Dn0E+WDYb7af3dSLVWKi3HGv84IdF4TyFoC0ysxFd0Goxw7nSv4T/PzEJQxsYsEiFCKo2BA==}
    engines: {node: '>=8.6'}

  minimatch@10.0.1:
    resolution: {integrity: sha512-ethXTt3SGGR+95gudmqJ1eNhRO7eGEGIgYA9vnPatK4/etz2MEVDno5GMCibdMTuBMyElzIlgxMna3K94XDIDQ==}
    engines: {node: 20 || >=22}

  node-fetch@2.7.0:
    resolution: {integrity: sha512-c4FRfUm/dbcWZ7U+1Wq0AwCyFL+3nt2bEw05wfxSz+DWpWsitgmSgYmy2dQdWyKC1694ELPqMs/YzUSNozLt8A==}
    engines: {node: 4.x || >=6.0.0}
    peerDependencies:
      encoding: ^0.1.0
    peerDependenciesMeta:
      encoding:
        optional: true

  node-html-parser@6.1.13:
    resolution: {integrity: sha512-qIsTMOY4C/dAa5Q5vsobRpOOvPfC4pB61UVW2uSwZNUp0QU/jCekTal1vMmbO0DgdHeLUJpv/ARmDqErVxA3Sg==}

  nth-check@2.1.1:
    resolution: {integrity: sha512-lqjrjmaOoAnWfMmBPL+XNnynZh2+swxiX3WUE0s4yEHI6m+AwrK2UZOimIRl3X/4QctVqS8AiZjFqyOGrMXb/w==}

  picomatch@2.3.2:
    resolution: {integrity: sha512-V7+vQEJ06Z+c5tSye8S+nHUfI51xoXIXjHQ99cQtKUkQqqO1kO/KCJUfZXuB47h/YBlDhah2H3hdUGXn8ie0oA==}
    engines: {node: '>=8.6'}

  prettier@3.8.3:
    resolution: {integrity: sha512-7igPTM53cGHMW8xWuVTydi2KO233VFiTNyF5hLJqpilHfmn8C8gPf+PS7dUT64YcXFbiMGZxS9pCSxL/Dxm/Jw==}
    engines: {node: '>=14'}
    hasBin: true

  queue-microtask@1.2.3:
    resolution: {integrity: sha512-NuaNSa6flKT5JaSYQzJok04JzTL1CA6aGhv5rfLW3PgqA+M2ChpZQnAC8h8i4ZFkBS8X5RqkDBHA7r4hej3K9A==}

  regenerator-runtime@0.13.11:
    resolution: {integrity: sha512-kY1AZVr2Ra+t+piVaJ4gxaFaReZVH40AKNo7UCX6W+dEwBo/2oZJzqfuN1qLq1oL45o56cPaTXELwrTh8Fpggg==}

  request-light@0.7.0:
    resolution: {integrity: sha512-lMbBMrDoxgsyO+yB3sDcrDuX85yYt7sS8BfQd11jtbW/z5ZWgLZRcEGLsLoYw7I0WSUGQBs8CC8ScIxkTX1+6Q==}

  reusify@1.1.0:
    resolution: {integrity: sha512-g6QUff04oZpHs0eG5p83rFLhHeV00ug/Yf9nZM6fLeUrPguBTkTQOdpAWWspMh55TZfVQDPaN3NQJfbVRAxdIw==}
    engines: {iojs: '>=1.0.0', node: '>=0.10.0'}

  run-parallel@1.2.0:
    resolution: {integrity: sha512-5l4VyZR86LZ/lDxZTR6jqL8AFE2S0IFLMP26AbjsLVADxHdhB/c0GUsH+y39UfCi3dzz8OlQuPmnaJOMoDHQBA==}

  semver@7.7.4:
    resolution: {integrity: sha512-vFKC2IEtQnVhpT78h1Yp8wzwrf8CM+MzKMHGJZfBtzhZNycRFnXsHk6E5TxIkkMsgNS7mdX3AGB7x2QM2di4lA==}
    engines: {node: '>=10'}
    hasBin: true

  to-regex-range@5.0.1:
    resolution: {integrity: sha512-65P7iz6X5yEr1cwcgvQxbbIw7Uk3gOy5dIdtZ4rDveLqhrdJP+Li/Hx6tyK0NEb+2GCyneCMJiGqrADCSNk8sQ==}
    engines: {node: '>=8.0'}

  tr46@0.0.3:
    resolution: {integrity: sha512-N3WMsuqV66lT30CrXNbEjx4GEwlow3v6rr4mCcv6prnfwhS01rkgyFdjPNBYd9br7LpXV1+Emh01fHnq2Gdgrw==}

  turndown@7.2.0:
    resolution: {integrity: sha512-eCZGBN4nNNqM9Owkv9HAtWRYfLA4h909E/WGAWWBpmB275ehNhZyk87/Tpvjbp0jjNl9XwCsbe6bm6CqFsgD+A==}

  typescript-language-server@5.1.3:
    resolution: {integrity: sha512-r+pAcYtWdN8tKlYZPwiiHNA2QPjXnI02NrW5Sf2cVM3TRtuQ3V9EKKwOxqwaQ0krsaEXk/CbN90I5erBuf84Vg==}
    engines: {node: '>=20'}
    hasBin: true

  typescript@4.9.5:
    resolution: {integrity: sha512-1FXk9E2Hm+QzZQ7z+McJiHL4NW1F2EzMu9Nq9i3zAaGqibafqYwCVU6WyWAuyQRRzOlxou8xZSyXLEN8oKj24g==}
    engines: {node: '>=4.2.0'}
    hasBin: true

  typescript@6.0.3:
    resolution: {integrity: sha512-y2TvuxSZPDyQakkFRPZHKFm+KKVqIisdg9/CZwm9ftvKXLP8NRWj38/ODjNbr43SsoXqNuAisEf1GdCxqWcdBw==}
    engines: {node: '>=14.17'}
    hasBin: true

  vim-language-server@2.3.1:
    resolution: {integrity: sha512-Y9Zy3NKzfndLUfuZRrITkpfGvpL2K7hNPV8sJ1iB6mf1YRxIX3Hs6lwZimoD5pmvamUaOQhNGYMS/Ox9itzA4Q==}
    hasBin: true

  vscode-css-languageservice@6.3.10:
    resolution: {integrity: sha512-eq5N9Er3fC4vA9zd9EFhyBG90wtCCuXgRSpAndaOgXMh1Wgep5lBgRIeDgjZBW9pa+332yC9+49cZMW8jcL3MA==}

  vscode-html-languageservice@5.6.2:
    resolution: {integrity: sha512-ulCrSnFnfQ16YzvwnYUgEbUEl/ZG7u2eV27YhvLObSHKkb8fw1Z9cgsnUwjTEeDIdJDoTDTDpxuhQwoenoLNMg==}

  vscode-json-languageservice@5.7.2:
    resolution: {integrity: sha512-WtKRDtJfFEmLrgtu+ODexOHm/6/krRF0k6t+uvkKIKW1Jh9ZIyxZQwJJwB3qhrEgvAxa37zbUg+vn+UyUK/U2w==}

  vscode-jsonrpc@5.0.1:
    resolution: {integrity: sha512-JvONPptw3GAQGXlVV2utDcHx0BiY34FupW/kI6mZ5x06ER5DdPG/tXWMVHjTNULF5uKPOUUD0SaXg5QaubJL0A==}
    engines: {node: '>=8.0.0 || >=10.0.0'}

  vscode-jsonrpc@8.0.2:
    resolution: {integrity: sha512-RY7HwI/ydoC1Wwg4gJ3y6LpU9FJRZAUnTYMXthqhFXXu77ErDd/xkREpGuk4MyYkk4a+XDWAMqe0S3KkelYQEQ==}
    engines: {node: '>=14.0.0'}

  vscode-jsonrpc@8.2.0:
    resolution: {integrity: sha512-C+r0eKJUIfiDIfwJhria30+TYWPtuHJXHtI7J0YlOmKAo7ogxP20T0zxB7HZQIFhIyvoBPwWskjxrvAtfjyZfA==}
    engines: {node: '>=14.0.0'}

  vscode-jsonrpc@9.0.0-next.11:
    resolution: {integrity: sha512-u6LElQNbSiE9OugEEmrUKwH6+8BpPz2S5MDHvQUqHL//I4Q8GPikKLOUf856UnbLkZdhxaPrExac1lA3XwpIPA==}
    engines: {node: '>=14.0.0'}

  vscode-langservers-extracted@4.10.0:
    resolution: {integrity: sha512-EFf9uQI4dAKbzMQFjDvVm1xJq1DXAQvBEuEfPGrK/xzfsL5xWTfIuRr90NgfmqwO+IEt6vLZm9EOj6R66xIifg==}
    hasBin: true

  vscode-languageserver-protocol@3.17.2:
    resolution: {integrity: sha512-8kYisQ3z/SQ2kyjlNeQxbkkTNmVFoQCqkmGrzLH6A9ecPlgTbp3wDTnUNqaUxYr4vlAcloxx8zwy7G5WdguYNg==}

  vscode-languageserver-protocol@3.17.5:
    resolution: {integrity: sha512-mb1bvRJN8SVznADSGWM9u/b07H7Ecg0I3OgXDuLdn307rl/J3A9YD6/eYOssqhecL27hK1IPZAsaqh00i/Jljg==}

  vscode-languageserver-protocol@3.17.6-next.17:
    resolution: {integrity: sha512-HW72YcFsuckfK6oPVuysRXhKiIFJoUvXgspPHvCMWpwe2x9aq2oGZDUSvKx4m/qUGB27+iu8ijAxsFlljYl2IQ==}

  vscode-languageserver-textdocument@1.0.12:
    resolution: {integrity: sha512-cxWNPesCnQCcMPeenjKKsOCKQZ/L6Tv19DTRIGuLWe32lyzWhihGVJ/rcckZXJxfdKCFvRLS3fpBIsV/ZGX4zA==}

  vscode-languageserver-types@3.17.2:
    resolution: {integrity: sha512-zHhCWatviizPIq9B7Vh9uvrH6x3sK8itC84HkamnBWoDFJtzBf7SWlpLCZUit72b3os45h6RWQNC9xHRDF8dRA==}

  vscode-languageserver-types@3.17.5:
    resolution: {integrity: sha512-Ld1VelNuX9pdF39h2Hgaeb5hEZM2Z3jUrrMgWQAu82jMtZp7p3vJT3BzToKtZI7NgQssZje5o0zryOrhQvzQAg==}

  vscode-languageserver-types@3.17.6-next.6:
    resolution: {integrity: sha512-aiJY5/yW+xzw7KPNlwi3gQtddq/3EIn5z8X8nCgJfaiAij2R1APKePngv+MUdLdYJBVTLu+Qa0ODsT+pHgYguQ==}

  vscode-languageserver@10.0.0-next.17:
    resolution: {integrity: sha512-/bwO/E3RUzIkQ1BQ70gcLdZeM8xvK0JS7gMvtug7yiH0dzTjciqqQTUh3H9NEXsqYEjLzGwiXgRUkt6Z8fQV0Q==}
    hasBin: true

  vscode-languageserver@8.0.2:
    resolution: {integrity: sha512-bpEt2ggPxKzsAOZlXmCJ50bV7VrxwCS5BI4+egUmure/oI/t4OlFzi/YNtVvY24A2UDOZAgwFGgnZPwqSJubkA==}
    hasBin: true

  vscode-markdown-languageservice@0.5.0-alpha.13:
    resolution: {integrity: sha512-uxEdsSXdh5Bi/q1kymcqv0JziAN4gi02YPOXhqlEahsgiVGd/5cWGSJIL6hIaRtql3wBgRDNqI7CrOsODh0Yqg==}
    engines: {node: '>=18'}

  vscode-nls@5.2.0:
    resolution: {integrity: sha512-RAaHx7B14ZU04EU31pT+rKz2/zSl7xMsfIZuo8pd+KZO6PXtQmpevpq3vxvWNcrGbdmhM/rr5Uw5Mz+NBfhVng==}

  vscode-uri@3.1.0:
    resolution: {integrity: sha512-/BpdSx+yCQGnCvecbyXdxHDkuk55/G3xwnC0GqY4gmQ3j+A+g8kzzgB4Nk/SINjqn6+waqw3EgbVF2QKExkRxQ==}

  web-tree-sitter@0.24.5:
    resolution: {integrity: sha512-+J/2VSHN8J47gQUAvF8KDadrfz6uFYVjxoxbKWDoXVsH2u7yLdarCnIURnrMA6uSRkgX3SdmqM5BOoQjPdSh5w==}

  webidl-conversions@3.0.1:
    resolution: {integrity: sha512-2JAn3z8AR6rjK8Sm8orRC0h/bcl/DqL7tRPdGZ4I1CjdF+EaMLmYxBHyXuKL849eucPFhvBoxMsflfOb8kxaeQ==}

  whatwg-url@5.0.0:
    resolution: {integrity: sha512-saE57nupxk6v3HY35+jzBwYa0rKSy0XR8JSxZPwgLr7ys0IBzhGviA1/TUGJLmSVqs8pb9AnvICXEuOHLprYTw==}

  zod@3.24.2:
    resolution: {integrity: sha512-lY7CDW43ECgW9u1TcT3IoXHflywfVqDYze4waEz812jR/bZ8FHDsl7pFQoSZTz5N+2NqRXs8GBwnAwo3ZNxqhQ==}

snapshots:

  '@mixmark-io/domino@2.2.0': {}

  '@nodelib/fs.scandir@2.1.5':
    dependencies:
      '@nodelib/fs.stat': 2.0.5
      run-parallel: 1.2.0

  '@nodelib/fs.stat@2.0.5': {}

  '@nodelib/fs.walk@1.2.8':
    dependencies:
      '@nodelib/fs.scandir': 2.1.5
      fastq: 1.20.1

  '@one-ini/wasm@0.2.0': {}

  '@typescript/native-preview-darwin-arm64@7.0.0-dev.20260504.1':
    optional: true

  '@typescript/native-preview-darwin-x64@7.0.0-dev.20260504.1':
    optional: true

  '@typescript/native-preview-linux-arm64@7.0.0-dev.20260504.1':
    optional: true

  '@typescript/native-preview-linux-arm@7.0.0-dev.20260504.1':
    optional: true

  '@typescript/native-preview-linux-x64@7.0.0-dev.20260504.1':
    optional: true

  '@typescript/native-preview-win32-arm64@7.0.0-dev.20260504.1':
    optional: true

  '@typescript/native-preview-win32-x64@7.0.0-dev.20260504.1':
    optional: true

  '@typescript/native-preview@7.0.0-dev.20260504.1':
    optionalDependencies:
      '@typescript/native-preview-darwin-arm64': 7.0.0-dev.20260504.1
      '@typescript/native-preview-darwin-x64': 7.0.0-dev.20260504.1
      '@typescript/native-preview-linux-arm': 7.0.0-dev.20260504.1
      '@typescript/native-preview-linux-arm64': 7.0.0-dev.20260504.1
      '@typescript/native-preview-linux-x64': 7.0.0-dev.20260504.1
      '@typescript/native-preview-win32-arm64': 7.0.0-dev.20260504.1
      '@typescript/native-preview-win32-x64': 7.0.0-dev.20260504.1

  '@vscode/l10n@0.0.18': {}

  balanced-match@1.0.2: {}

  bash-language-server@5.6.0:
    dependencies:
      editorconfig: 2.0.1
      fast-glob: 3.3.3
      fuzzy-search: 3.2.1
      node-fetch: 2.7.0
      turndown: 7.2.0
      vscode-languageserver: 8.0.2
      vscode-languageserver-textdocument: 1.0.12
      web-tree-sitter: 0.24.5
      zod: 3.24.2
    transitivePeerDependencies:
      - encoding

  boolbase@1.0.0: {}

  brace-expansion@2.1.0:
    dependencies:
      balanced-match: 1.0.2

  braces@3.0.3:
    dependencies:
      fill-range: 7.1.1

  commander@13.1.0: {}

  core-js@3.49.0: {}

  css-select@5.2.2:
    dependencies:
      boolbase: 1.0.0
      css-what: 6.2.2
      domhandler: 5.0.3
      domutils: 3.2.2
      nth-check: 2.1.1

  css-what@6.2.2: {}

  dom-serializer@2.0.0:
    dependencies:
      domelementtype: 2.3.0
      domhandler: 5.0.3
      entities: 4.5.0

  domelementtype@2.3.0: {}

  domhandler@5.0.3:
    dependencies:
      domelementtype: 2.3.0

  domutils@3.2.2:
    dependencies:
      dom-serializer: 2.0.0
      domelementtype: 2.3.0
      domhandler: 5.0.3

  editorconfig@2.0.1:
    dependencies:
      '@one-ini/wasm': 0.2.0
      commander: 13.1.0
      minimatch: 10.0.1
      semver: 7.7.4

  entities@4.5.0: {}

  fast-glob@3.3.3:
    dependencies:
      '@nodelib/fs.stat': 2.0.5
      '@nodelib/fs.walk': 1.2.8
      glob-parent: 5.1.2
      merge2: 1.4.1
      micromatch: 4.0.8

  fastq@1.20.1:
    dependencies:
      reusify: 1.1.0

  fill-range@7.1.1:
    dependencies:
      to-regex-range: 5.0.1

  fuzzy-search@3.2.1: {}

  glob-parent@5.1.2:
    dependencies:
      is-glob: 4.0.3

  he@1.2.0: {}

  is-extglob@2.1.1: {}

  is-glob@4.0.3:
    dependencies:
      is-extglob: 2.1.1

  is-number@7.0.0: {}

  jsonc-parser@3.3.1: {}

  merge2@1.4.1: {}

  micromatch@4.0.8:
    dependencies:
      braces: 3.0.3
      picomatch: 2.3.2

  minimatch@10.0.1:
    dependencies:
      brace-expansion: 2.1.0

  node-fetch@2.7.0:
    dependencies:
      whatwg-url: 5.0.0

  node-html-parser@6.1.13:
    dependencies:
      css-select: 5.2.2
      he: 1.2.0

  nth-check@2.1.1:
    dependencies:
      boolbase: 1.0.0

  picomatch@2.3.2: {}

  prettier@3.8.3: {}

  queue-microtask@1.2.3: {}

  regenerator-runtime@0.13.11: {}

  request-light@0.7.0: {}

  reusify@1.1.0: {}

  run-parallel@1.2.0:
    dependencies:
      queue-microtask: 1.2.3

  semver@7.7.4: {}

  to-regex-range@5.0.1:
    dependencies:
      is-number: 7.0.0

  tr46@0.0.3: {}

  turndown@7.2.0:
    dependencies:
      '@mixmark-io/domino': 2.2.0

  typescript-language-server@5.1.3:
    dependencies:
      vscode-jsonrpc: 5.0.1
      vscode-languageserver-protocol: 3.17.5

  typescript@4.9.5: {}

  typescript@6.0.3: {}

  vim-language-server@2.3.1: {}

  vscode-css-languageservice@6.3.10:
    dependencies:
      '@vscode/l10n': 0.0.18
      vscode-languageserver-textdocument: 1.0.12
      vscode-languageserver-types: 3.17.5
      vscode-uri: 3.1.0

  vscode-html-languageservice@5.6.2:
    dependencies:
      '@vscode/l10n': 0.0.18
      vscode-languageserver-textdocument: 1.0.12
      vscode-languageserver-types: 3.17.5
      vscode-uri: 3.1.0

  vscode-json-languageservice@5.7.2:
    dependencies:
      '@vscode/l10n': 0.0.18
      jsonc-parser: 3.3.1
      vscode-languageserver-textdocument: 1.0.12
      vscode-languageserver-types: 3.17.5
      vscode-uri: 3.1.0

  vscode-jsonrpc@5.0.1: {}

  vscode-jsonrpc@8.0.2: {}

  vscode-jsonrpc@8.2.0: {}

  vscode-jsonrpc@9.0.0-next.11: {}

  vscode-langservers-extracted@4.10.0:
    dependencies:
      '@vscode/l10n': 0.0.18
      core-js: 3.49.0
      jsonc-parser: 3.3.1
      regenerator-runtime: 0.13.11
      request-light: 0.7.0
      semver: 7.7.4
      typescript: 4.9.5
      vscode-css-languageservice: 6.3.10
      vscode-html-languageservice: 5.6.2
      vscode-json-languageservice: 5.7.2
      vscode-languageserver: 10.0.0-next.17
      vscode-languageserver-textdocument: 1.0.12
      vscode-languageserver-types: 3.17.5
      vscode-markdown-languageservice: 0.5.0-alpha.13
      vscode-nls: 5.2.0
      vscode-uri: 3.1.0

  vscode-languageserver-protocol@3.17.2:
    dependencies:
      vscode-jsonrpc: 8.0.2
      vscode-languageserver-types: 3.17.2

  vscode-languageserver-protocol@3.17.5:
    dependencies:
      vscode-jsonrpc: 8.2.0
      vscode-languageserver-types: 3.17.5

  vscode-languageserver-protocol@3.17.6-next.17:
    dependencies:
      vscode-jsonrpc: 9.0.0-next.11
      vscode-languageserver-types: 3.17.6-next.6

  vscode-languageserver-textdocument@1.0.12: {}

  vscode-languageserver-types@3.17.2: {}

  vscode-languageserver-types@3.17.5: {}

  vscode-languageserver-types@3.17.6-next.6: {}

  vscode-languageserver@10.0.0-next.17:
    dependencies:
      vscode-languageserver-protocol: 3.17.6-next.17

  vscode-languageserver@8.0.2:
    dependencies:
      vscode-languageserver-protocol: 3.17.2

  vscode-markdown-languageservice@0.5.0-alpha.13:
    dependencies:
      '@vscode/l10n': 0.0.18
      node-html-parser: 6.1.13
      picomatch: 2.3.2
      vscode-languageserver-protocol: 3.17.5
      vscode-languageserver-textdocument: 1.0.12
      vscode-uri: 3.1.0

  vscode-nls@5.2.0: {}

  vscode-uri@3.1.0: {}

  web-tree-sitter@0.24.5: {}

  webidl-conversions@3.0.1: {}

  whatwg-url@5.0.0:
    dependencies:
      tr46: 0.0.3
      webidl-conversions: 3.0.1

  zod@3.24.2: {}
